
Microsoft Visual Studio Solution File, Format Version 12.00
# Visual Studio Version 17
VisualStudioVersion = 17.10.34928.147
MinimumVisualStudioVersion = 10.0.40219.1
Project("{FAE04EC0-301F-11D3-BF4B-00C04F79EFBC}") = "Bookstor-Management", "Bookstor-Management\Bookstor-Management.csproj", "{BE9CF65F-C088-4D56-85E8-7FCAB13A5173}"
EndProject
Global
	GlobalSection(SolutionConfigurationPlatforms) = preSolution
		Debug|Any CPU = Debug|Any CPU
		Release|Any CPU = Release|Any CPU
	EndGlobalSection
	GlobalSection(ProjectConfigurationPlatforms) = postSolution
		{BE9CF65F-C088-4D56-85E8-7FCAB13A5173}.Debug|Any CPU.ActiveCfg = Debug|Any CPU
		{BE9CF65F-C088-4D56-85E8-7FCAB13A5173}.Debug|Any CPU.Build.0 = Debug|Any CPU
		{BE9CF65F-C088-4D56-85E8-7FCAB13A5173}.Release|Any CPU.ActiveCfg = Release|Any CPU
		{BE9CF65F-C088-4D56-85E8-7FCAB13A5173}.Release|Any CPU.Build.0 = Release|Any CPU
	EndGlobalSection
	GlobalSection(SolutionProperties) = preSolution
		HideSolutionNode = FALSE
	EndGlobalSection
	GlobalSection(ExtensibilityGlobals) = postSolution
		SolutionGuid = {3A2EDF3D-87C1-4A3D-BAAC-1695C4E1345D}
	EndGlobalSection
EndGlobal
